lockfileVersion: '9.0'

settings:
  autoInstallPeers: true
  excludeLinksFromLockfile: false

importers:

  .:
    devDependencies:
      '@cloudflare/workers-types':
        specifier: ^4.20251101.0
        version: 4.20260526.1
      typescript:
        specifier: ^5.6.0
        version: 5.9.3

packages:

  '@cloudflare/workers-types@4.20260526.1':
    resolution: {integrity: sha512-pQZBjD7p6C5R1ZPkSywA2yiZnL/LVfqdPKLQLdbEItro4ekmMuGXQv72vHkHIT3GeZmEgZktMA0JoWn2fBKmXw==}

  typescript@5.9.3:
    resolution: {integrity: sha512-jl1vZzPDinLr9eUt3J/t7V6FgNEw9QjvBPdysz9KfQDD41fQrC2Y4vKQdiaUpFT4bXlb1RHhLpp8wtm6M5TgSw==}
    engines: {node: '>=14.17'}
    hasBin: true

snapshots:

  '@cloudflare/workers-types@4.20260526.1': {}

  typescript@5.9.3: {}
